// !$*UTF8*$!
{
	archiveVersion = 1;
	classes = {
	};
	objectVersion = 46;
	objects = {

/* Begin PBXBuildFile section */
		1F60B7AE19E3530C007E3BB3 /* AppDelegate.swift in Sources */ = {isa = PBXBuildFile; fileRef = 1F60B7AD19E3530C007E3BB3 /* AppDelegate.swift */; };
		1F60B7B119E3530C007E3BB3 /* Corp_Directory.xcdatamodeld in Sources */ = {isa = PBXBuildFile; fileRef = 1F60B7AF19E3530C007E3BB3 /* Corp_Directory.xcdatamodeld */; };
		1F60B7B319E3530C007E3BB3 /* MasterViewController.swift in Sources */ = {isa = PBXBuildFile; fileRef = 1F60B7B219E3530C007E3BB3 /* MasterViewController.swift */; };
		1F60B7B519E3530C007E3BB3 /* DetailViewController.swift in Sources */ = {isa = PBXBuildFile; fileRef = 1F60B7B419E3530C007E3BB3 /* DetailViewController.swift */; };
		1F60B7B819E3530C007E3BB3 /* Main.storyboard in Resources */ = {isa = PBXBuildFile; fileRef = 1F60B7B619E3530C007E3BB3 /* Main.storyboard */; };
		1F60B7BA19E3530C007E3BB3 /* Images.xcassets in Resources */ = {isa = PBXBuildFile; fileRef = 1F60B7B919E3530C007E3BB3 /* Images.xcassets */; };
		1F60B7BD19E3530C007E3BB3 /* LaunchScreen.xib in Resources */ = {isa = PBXBuildFile; fileRef = 1F60B7BB19E3530C007E3BB3 /* LaunchScreen.xib */; };
		1F60B7C919E3530D007E3BB3 /* Corp_DirectoryTests.swift in Sources */ = {isa = PBXBuildFile; fileRef = 1F60B7C819E3530D007E3BB3 /* Corp_DirectoryTests.swift */; };
		1F60B7D619E35D16007E3BB3 /* MobileCoreServices.framework in Frameworks */ = {isa = PBXBuildFile; fileRef = 1F60B7D519E35D16007E3BB3 /* MobileCoreServices.framework */; };
		1F60B7D819E35D29007E3BB3 /* Security.framework in Frameworks */ = {isa = PBXBuildFile; fileRef = 1F60B7D719E35D29007E3BB3 /* Security.framework */; };
		1F60B7DA19E35D33007E3BB3 /* CFNetwork.framework in Frameworks */ = {isa = PBXBuildFile; fileRef = 1F60B7D919E35D33007E3BB3 /* CFNetwork.framework */; };
		1F60B7DC19E35D41007E3BB3 /* SystemConfiguration.framework in Frameworks */ = {isa = PBXBuildFile; fileRef = 1F60B7DB19E35D41007E3BB3 /* SystemConfiguration.framework */; };
		1F60B7DE19E35D4A007E3BB3 /* CoreData.framework in Frameworks */ = {isa = PBXBuildFile; fileRef = 1F60B7DD19E35D4A007E3BB3 /* CoreData.framework */; };
		1F60B7E019E35D54007E3BB3 /* UIKit.framework in Frameworks */ = {isa = PBXBuildFile; fileRef = 1F60B7DF19E35D54007E3BB3 /* UIKit.framework */; };
		1F60B7E219E35D5C007E3BB3 /* Foundation.framework in Frameworks */ = {isa = PBXBuildFile; fileRef = 1F60B7E119E35D5C007E3BB3 /* Foundation.framework */; };
		1F60B7E419E35D69007E3BB3 /* CoreGraphics.framework in Frameworks */ = {isa = PBXBuildFile; fileRef = 1F60B7E319E35D69007E3BB3 /* CoreGraphics.framework */; };
		7C57F11DF72592A1B6E70AD9 /* libPods-Corp Directory.a in Frameworks */ = {isa = PBXBuildFile; fileRef = 546183D786627D062F23DF04 /* libPods-Corp Directory.a */; };
/* End PBXBuildFile section */

/* Begin PBXContainerItemProxy section */
		1F60B7C319E3530D007E3BB3 /* PBXContainerItemProxy */ = {
			isa = PBXContainerItemProxy;
			containerPortal = 1F60B7A019E3530C007E3BB3 /* Project object */;
			proxyType = 1;
			remoteGlobalIDString = 1F60B7A719E3530C007E3BB3;
			remoteInfo = "Corp Directory";
		};
/* End PBXContainerItemProxy section */

/* Begin PBXFileReference section */
		00012597942CEC68429042E0 /* Pods-Corp Directory.release.xcconfig */ = {isa = PBXFileReference; includeInIndex = 1; lastKnownFileType = text.xcconfig; name = "Pods-Corp Directory.release.xcconfig"; path = "Pods/Target Support Files/Pods-Corp Directory/Pods-Corp Directory.release.xcconfig"; sourceTree = "<group>"; };
		1F60B7A819E3530C007E3BB3 /* Corp Directory.app */ = {isa = PBXFileReference; explicitFileType = wrapper.application; includeInIndex = 0; path = "Corp Directory.app"; sourceTree = BUILT_PRODUCTS_DIR; };
		1F60B7AC19E3530C007E3BB3 /* Info.plist */ = {isa = PBXFileReference; lastKnownFileType = text.plist.xml; path = Info.plist; sourceTree = "<group>"; };
		1F60B7AD19E3530C007E3BB3 /* AppDelegate.swift */ = {isa = PBXFileReference; lastKnownFileType = sourcecode.swift; path = AppDelegate.swift; sourceTree = "<group>"; };
		1F60B7B019E3530C007E3BB3 /* Corp_Directory.xcdatamodel */ = {isa = PBXFileReference; lastKnownFileType = wrapper.xcdatamodel; path = Corp_Directory.xcdatamodel; sourceTree = "<group>"; };
		1F60B7B219E3530C007E3BB3 /* MasterViewController.swift */ = {isa = PBXFileReference; lastKnownFileType = sourcecode.swift; path = MasterViewController.swift; sourceTree = "<group>"; };
		1F60B7B419E3530C007E3BB3 /* DetailViewController.swift */ = {isa = PBXFileReference; lastKnownFileType = sourcecode.swift; path = DetailViewController.swift; sourceTree = "<group>"; };
		1F60B7B719E3530C007E3BB3 /* Base */ = {isa = PBXFileReference; lastKnownFileType = file.storyboard; name = Base; path = Base.lproj/Main.storyboard; sourceTree = "<group>"; };
		1F60B7B919E3530C007E3BB3 /* Images.xcassets */ = {isa = PBXFileReference; lastKnownFileType = folder.assetcatalog; path = Images.xcassets; sourceTree = "<group>"; };
		1F60B7BC19E3530C007E3BB3 /* Base */ = {isa = PBXFileReference; lastKnownFileType = file.xib; name = Base; path = Base.lproj/LaunchScreen.xib; sourceTree = "<group>"; };
		1F60B7C219E3530D007E3BB3 /* Corp DirectoryTests.xctest */ = {isa = PBXFileReference; explicitFileType = wrapper.cfbundle; includeInIndex = 0; path = "Corp DirectoryTests.xctest"; sourceTree = BUILT_PRODUCTS_DIR; };
		1F60B7C719E3530D007E3BB3 /* Info.plist */ = {isa = PBXFileReference; lastKnownFileType = text.plist.xml; path = Info.plist; sourceTree = "<group>"; };
		1F60B7C819E3530D007E3BB3 /* Corp_DirectoryTests.swift */ = {isa = PBXFileReference; lastKnownFileType = sourcecode.swift; path = Corp_DirectoryTests.swift; sourceTree = "<group>"; };
		1F60B7D219E35971007E3BB3 /* Corp Directory-Bridging-Header.h */ = {isa = PBXFileReference; lastKnownFileType = sourcecode.c.h; path = "Corp Directory-Bridging-Header.h"; sourceTree = "<group>"; };
		1F60B7D519E35D16007E3BB3 /* MobileCoreServices.framework */ = {isa = PBXFileReference; lastKnownFileType = wrapper.framework; name = MobileCoreServices.framework; path = System/Library/Frameworks/MobileCoreServices.framework; sourceTree = SDKROOT; };
		1F60B7D719E35D29007E3BB3 /* Security.framework */ = {isa = PBXFileReference; lastKnownFileType = wrapper.framework; name = Security.framework; path = System/Library/Frameworks/Security.framework; sourceTree = SDKROOT; };
		1F60B7D919E35D33007E3BB3 /* CFNetwork.framework */ = {isa = PBXFileReference; lastKnownFileType = wrapper.framework; name = CFNetwork.framework; path = System/Library/Frameworks/CFNetwork.framework; sourceTree = SDKROOT; };
		1F60B7DB19E35D41007E3BB3 /* SystemConfiguration.framework */ = {isa = PBXFileReference; lastKnownFileType = wrapper.framework; name = SystemConfiguration.framework; path = System/Library/Frameworks/SystemConfiguration.framework; sourceTree = SDKROOT; };
		1F60B7DD19E35D4A007E3BB3 /* CoreData.framework */ = {isa = PBXFileReference; lastKnownFileType = wrapper.framework; name = CoreData.framework; path = System/Library/Frameworks/CoreData.framework; sourceTree = SDKROOT; };
		1F60B7DF19E35D54007E3BB3 /* UIKit.framework */ = {isa = PBXFileReference; lastKnownFileType = wrapper.framework; name = UIKit.framework; path = System/Library/Frameworks/UIKit.framework; sourceTree = SDKROOT; };
		1F60B7E119E35D5C007E3BB3 /* Foundation.framework */ = {isa = PBXFileReference; lastKnownFileType = wrapper.framework; name = Foundation.framework; path = System/Library/Frameworks/Foundation.framework; sourceTree = SDKROOT; };
		1F60B7E319E35D69007E3BB3 /* CoreGraphics.framework */ = {isa = PBXFileReference; lastKnownFileType = wrapper.framework; name = CoreGraphics.framework; path = System/Library/Frameworks/CoreGraphics.framework; sourceTree = SDKROOT; };
		546183D786627D062F23DF04 /* libPods-Corp Directory.a */ = {isa = PBXFileReference; explicitFileType = archive.ar; includeInIndex = 0; path = "libPods-Corp Directory.a"; sourceTree = BUILT_PRODUCTS_DIR; };
		90649FB5923014623E0E7E02 /* Pods-Corp Directory.debug.xcconfig */ = {isa = PBXFileReference; includeInIndex = 1; lastKnownFileType = text.xcconfig; name = "Pods-Corp Directory.debug.xcconfig"; path = "Pods/Target Support Files/Pods-Corp Directory/Pods-Corp Directory.debug.xcconfig"; sourceTree = "<group>"; };
/* End PBXFileReference section */

/* Begin PBXFrameworksBuildPhase section */
		1F60B7A519E3530C007E3BB3 /* Frameworks */ = {
			isa = PBXFrameworksBuildPhase;
			buildActionMask = 2147483647;
			files = (
				1F60B7E419E35D69007E3BB3 /* CoreGraphics.framework in Frameworks */,
				1F60B7E219E35D5C007E3BB3 /* Foundation.framework in Frameworks */,
				1F60B7E019E35D54007E3BB3 /* UIKit.framework in Frameworks */,
				1F60B7DE19E35D4A007E3BB3 /* CoreData.framework in Frameworks */,
				1F60B7DC19E35D41007E3BB3 /* SystemConfiguration.framework in Frameworks */,
				1F60B7DA19E35D33007E3BB3 /* CFNetwork.framework in Frameworks */,
				1F60B7D819E35D29007E3BB3 /* Security.framework in Frameworks */,
				1F60B7D619E35D16007E3BB3 /* MobileCoreServices.framework in Frameworks */,
				7C57F11DF72592A1B6E70AD9 /* libPods-Corp Directory.a in Frameworks */,
			);
			runOnlyForDeploymentPostprocessing = 0;
		};
		1F60B7BF19E3530D007E3BB3 /* Frameworks */ = {
			isa = PBXFrameworksBuildPhase;
			buildActionMask = 2147483647;
			files = (
			);
			runOnlyForDeploymentPostprocessing = 0;
		};
/* End PBXFrameworksBuildPhase section */

/* Begin PBXGroup section */
		1F60B79F19E3530C007E3BB3 = {
			isa = PBXGroup;
			children = (
				1F60B7AA19E3530C007E3BB3 /* Corp Directory */,
				1F60B7C519E3530D007E3BB3 /* Corp DirectoryTests */,
				1F60B7A919E3530C007E3BB3 /* Products */,
				EE35B567F1D37C3881B251B9 /* Pods */,
				B033D5B72902503E97B4D06E /* Frameworks */,
			);
			sourceTree = "<group>";
		};
		1F60B7A919E3530C007E3BB3 /* Products */ = {
			isa = PBXGroup;
			children = (
				1F60B7A819E3530C007E3BB3 /* Corp Directory.app */,
				1F60B7C219E3530D007E3BB3 /* Corp DirectoryTests.xctest */,
			);
			name = Products;
			sourceTree = "<group>";
		};
		1F60B7AA19E3530C007E3BB3 /* Corp Directory */ = {
			isa = PBXGroup;
			children = (
				1F60B7AD19E3530C007E3BB3 /* AppDelegate.swift */,
				1F60B7B219E3530C007E3BB3 /* MasterViewController.swift */,
				1F60B7B419E3530C007E3BB3 /* DetailViewController.swift */,
				1F60B7B619E3530C007E3BB3 /* Main.storyboard */,
				1F60B7B919E3530C007E3BB3 /* Images.xcassets */,
				1F60B7BB19E3530C007E3BB3 /* LaunchScreen.xib */,
				1F60B7AF19E3530C007E3BB3 /* Corp_Directory.xcdatamodeld */,
				1F60B7AB19E3530C007E3BB3 /* Supporting Files */,
				1F60B7D219E35971007E3BB3 /* Corp Directory-Bridging-Header.h */,
			);
			path = "Corp Directory";
			sourceTree = "<group>";
		};
		1F60B7AB19E3530C007E3BB3 /* Supporting Files */ = {
			isa = PBXGroup;
			children = (
				1F60B7AC19E3530C007E3BB3 /* Info.plist */,
			);
			name = "Supporting Files";
			sourceTree = "<group>";
		};
		1F60B7C519E3530D007E3BB3 /* Corp DirectoryTests */ = {
			isa = PBXGroup;
			children = (
				1F60B7C819E3530D007E3BB3 /* Corp_DirectoryTests.swift */,
				1F60B7C619E3530D007E3BB3 /* Supporting Files */,
			);
			path = "Corp DirectoryTests";
			sourceTree = "<group>";
		};
		1F60B7C619E3530D007E3BB3 /* Supporting Files */ = {
			isa = PBXGroup;
			children = (
				1F60B7C719E3530D007E3BB3 /* Info.plist */,
			);
			name = "Supporting Files";
			sourceTree = "<group>";
		};
		B033D5B72902503E97B4D06E /* Frameworks */ = {
			isa = PBXGroup;
			children = (
				1F60B7E319E35D69007E3BB3 /* CoreGraphics.framework */,
				1F60B7E119E35D5C007E3BB3 /* Foundation.framework */,
				1F60B7DF19E35D54007E3BB3 /* UIKit.framework */,
				1F60B7DD19E35D4A007E3BB3 /* CoreData.framework */,
				1F60B7DB19E35D41007E3BB3 /* SystemConfiguration.framework */,
				1F60B7D919E35D33007E3BB3 /* CFNetwork.framework */,
				1F60B7D719E35D29007E3BB3 /* Security.framework */,
				1F60B7D519E35D16007E3BB3 /* MobileCoreServices.framework */,
				546183D786627D062F23DF04 /* libPods-Corp Directory.a */,
			);
			name = Frameworks;
			sourceTree = "<group>";
		};
		EE35B567F1D37C3881B251B9 /* Pods */ = {
			isa = PBXGroup;
			children = (
				90649FB5923014623E0E7E02 /* Pods-Corp Directory.debug.xcconfig */,
				00012597942CEC68429042E0 /* Pods-Corp Directory.release.xcconfig */,
			);
			name = Pods;
			sourceTree = "<group>";
		};
/* End PBXGroup section */

/* Begin PBXNativeTarget section */
		1F60B7A719E3530C007E3BB3 /* Corp Directory */ = {
			isa = PBXNativeTarget;
			buildConfigurationList = 1F60B7CC19E3530D007E3BB3 /* Build configuration list for PBXNativeTarget "Corp Directory" */;
			buildPhases = (
				A54573B05A4ECB8E7676ADF5 /* Check Pods Manifest.lock */,
				1F60B7A419E3530C007E3BB3 /* Sources */,
				1F60B7A519E3530C007E3BB3 /* Frameworks */,
				1F60B7A619E3530C007E3BB3 /* Resources */,
				D17DBE162B28F6C1417508C2 /* Copy Pods Resources */,
			);
			buildRules = (
			);
			dependencies = (
			);
			name = "Corp Directory";
			productName = "Corp Directory";
			productReference = 1F60B7A819E3530C007E3BB3 /* Corp Directory.app */;
			productType = "com.apple.product-type.application";
		};
		1F60B7C119E3530D007E3BB3 /* Corp DirectoryTests */ = {
			isa = PBXNativeTarget;
			buildConfigurationList = 1F60B7CF19E3530D007E3BB3 /* Build configuration list for PBXNativeTarget "Corp DirectoryTests" */;
			buildPhases = (
				1F60B7BE19E3530D007E3BB3 /* Sources */,
				1F60B7BF19E3530D007E3BB3 /* Frameworks */,
				1F60B7C019E3530D007E3BB3 /* Resources */,
			);
			buildRules = (
			);
			dependencies = (
				1F60B7C419E3530D007E3BB3 /* PBXTargetDependency */,
			);
			name = "Corp DirectoryTests";
			productName = "Corp DirectoryTests";
			productReference = 1F60B7C219E3530D007E3BB3 /* Corp DirectoryTests.xctest */;
			productType = "com.apple.product-type.bundle.unit-test";
		};
/* End PBXNativeTarget section */

/* Begin PBXProject section */
		1F60B7A019E3530C007E3BB3 /* Project object */ = {
			isa = PBXProject;
			attributes = {
				LastUpgradeCheck = 0600;
				ORGANIZATIONNAME = "Rich Randall";
				TargetAttributes = {
					1F60B7A719E3530C007E3BB3 = {
						CreatedOnToolsVersion = 6.0.1;
						DevelopmentTeam = BD86LC4KQP;
					};
					1F60B7C119E3530D007E3BB3 = {
						CreatedOnToolsVersion = 6.0.1;
						TestTargetID = 1F60B7A719E3530C007E3BB3;
					};
				};
			};
			buildConfigurationList = 1F60B7A319E3530C007E3BB3 /* Build configuration list for PBXProject "Corp Directory" */;
			compatibilityVersion = "Xcode 3.2";
			developmentRegion = English;
			hasScannedForEncodings = 0;
			knownRegions = (
				en,
				Base,
			);
			mainGroup = 1F60B79F19E3530C007E3BB3;
			productRefGroup = 1F60B7A919E3530C007E3BB3 /* Products */;
			projectDirPath = "";
			projectRoot = "";
			targets = (
				1F60B7A719E3530C007E3BB3 /* Corp Directory */,
				1F60B7C119E3530D007E3BB3 /* Corp DirectoryTests */,
			);
		};
/* End PBXProject section */

/* Begin PBXResourcesBuildPhase section */
		1F60B7A619E3530C007E3BB3 /* Resources */ = {
			isa = PBXResourcesBuildPhase;
			buildActionMask = 2147483647;
			files = (
				1F60B7B819E3530C007E3BB3 /* Main.storyboard in Resources */,
				1F60B7BD19E3530C007E3BB3 /* LaunchScreen.xib in Resources */,
				1F60B7BA19E3530C007E3BB3 /* Images.xcassets in Resources */,
			);
			runOnlyForDeploymentPostprocessing = 0;
		};
		1F60B7C019E3530D007E3BB3 /* Resources */ = {
			isa = PBXResourcesBuildPhase;
			buildActionMask = 2147483647;
			files = (
			);
			runOnlyForDeploymentPostprocessing = 0;
		};
/* End PBXResourcesBuildPhase section */

/* Begin PBXShellScriptBuildPhase section */
		A54573B05A4ECB8E7676ADF5 /* Check Pods Manifest.lock */ = {
			isa = PBXShellScriptBuildPhase;
			buildActionMask = 2147483647;
			files = (
			);
			inputPaths = (
			);
			name = "Check Pods Manifest.lock";
			outputPaths = (
			);
			runOnlyForDeploymentPostprocessing = 0;
			shellPath = /bin/sh;
			shellScript = "diff \"${PODS_ROOT}/../Podfile.lock\" \"${PODS_ROOT}/Manifest.lock\" > /dev/null\nif [[ $? != 0 ]] ; then\n    cat << EOM\nerror: The sandbox is not in sync with the Podfile.lock. Run 'pod install' or update your CocoaPods installation.\nEOM\n    exit 1\nfi\n";
			showEnvVarsInLog = 0;
		};
		D17DBE162B28F6C1417508C2 /* Copy Pods Resources */ = {
			isa = PBXShellScriptBuildPhase;
			buildActionMask = 2147483647;
			files = (
			);
			inputPaths = (
			);
			name = "Copy Pods Resources";
			outputPaths = (
			);
			runOnlyForDeploymentPostprocessing = 0;
			shellPath = /bin/sh;
			shellScript = "\"${SRCROOT}/Pods/Target Support Files/Pods-Corp Directory/Pods-Corp Directory-resources.sh\"\n";
			showEnvVarsInLog = 0;
		};
/* End PBXShellScriptBuildPhase section */

/* Begin PBXSourcesBuildPhase section */
		1F60B7A419E3530C007E3BB3 /* Sources */ = {
			isa = PBXSourcesBuildPhase;
			buildActionMask = 2147483647;
			files = (
				1F60B7AE19E3530C007E3BB3 /* AppDelegate.swift in Sources */,
				1F60B7B119E3530C007E3BB3 /* Corp_Directory.xcdatamodeld in Sources */,
				1F60B7B319E3530C007E3BB3 /* MasterViewController.swift in Sources */,
				1F60B7B519E3530C007E3BB3 /* DetailViewController.swift in Sources */,
			);
			runOnlyForDeploymentPostprocessing = 0;
		};
		1F60B7BE19E3530D007E3BB3 /* Sources */ = {
			isa = PBXSourcesBuildPhase;
			buildActionMask = 2147483647;
			files = (
				1F60B7C919E3530D007E3BB3 /* Corp_DirectoryTests.swift in Sources */,
			);
			runOnlyForDeploymentPostprocessing = 0;
		};
/* End PBXSourcesBuildPhase section */

/* Begin PBXTargetDependency section */
		1F60B7C419E3530D007E3BB3 /* PBXTargetDependency */ = {
			isa = PBXTargetDependency;
			target = 1F60B7A719E3530C007E3BB3 /* Corp Directory */;
			targetProxy = 1F60B7C319E3530D007E3BB3 /* PBXContainerItemProxy */;
		};
/* End PBXTargetDependency section */

/* Begin PBXVariantGroup section */
		1F60B7B619E3530C007E3BB3 /* Main.storyboard */ = {
			isa = PBXVariantGroup;
			children = (
				1F60B7B719E3530C007E3BB3 /* Base */,
			);
			name = Main.storyboard;
			sourceTree = "<group>";
		};
		1F60B7BB19E3530C007E3BB3 /* LaunchScreen.xib */ = {
			isa = PBXVariantGroup;
			children = (
				1F60B7BC19E3530C007E3BB3 /* Base */,
			);
			name = LaunchScreen.xib;
			sourceTree = "<group>";
		};
/* End PBXVariantGroup section */

/* Begin XCBuildConfiguration section */
		1F60B7CA19E3530D007E3BB3 /* Debug */ = {
			isa = XCBuildConfiguration;
			buildSettings = {
				ALWAYS_SEARCH_USER_PATHS = NO;
				CLANG_CXX_LANGUAGE_STANDARD = "gnu++0x";
				CLANG_CXX_LIBRARY = "libc++";
				CLANG_ENABLE_MODULES = YES;
				CLANG_ENABLE_OBJC_ARC = YES;
				CLANG_WARN_BOOL_CONVERSION = YES;
				CLANG_WARN_CONSTANT_CONVERSION = YES;
				CLANG_WARN_DIRECT_OBJC_ISA_USAGE = YES_ERROR;
				CLANG_WARN_EMPTY_BODY = YES;
				CLANG_WARN_ENUM_CONVERSION = YES;
				CLANG_WARN_INT_CONVERSION = YES;
				CLANG_WARN_OBJC_ROOT_CLASS = YES_ERROR;
				CLANG_WARN_UNREACHABLE_CODE = YES;
				CLANG_WARN__DUPLICATE_METHOD_MATCH = YES;
				"CODE_SIGN_IDENTITY[sdk=iphoneos*]" = "iPhone Developer";
				COPY_PHASE_STRIP = NO;
				ENABLE_STRICT_OBJC_MSGSEND = YES;
				GCC_C_LANGUAGE_STANDARD = gnu99;
				GCC_DYNAMIC_NO_PIC = NO;
				GCC_OPTIMIZATION_LEVEL = 0;
				GCC_PREPROCESSOR_DEFINITIONS = (
					"DEBUG=1",
					"$(inherited)",
				);
				GCC_SYMBOLS_PRIVATE_EXTERN = NO;
				GCC_WARN_64_TO_32_BIT_CONVERSION = YES;
				GCC_WARN_ABOUT_RETURN_TYPE = YES_ERROR;
				GCC_WARN_UNDECLARED_SELECTOR = YES;
				GCC_WARN_UNINITIALIZED_AUTOS = YES_AGGRESSIVE;
				GCC_WARN_UNUSED_FUNCTION = YES;
				GCC_WARN_UNUSED_VARIABLE = YES;
				IPHONEOS_DEPLOYMENT_TARGET = 8.0;
				MTL_ENABLE_DEBUG_INFO = YES;
				ONLY_ACTIVE_ARCH = YES;
				SDKROOT = iphoneos;
				SWIFT_OPTIMIZATION_LEVEL = "-Onone";
			};
			name = Debug;
		};
		1F60B7CB19E3530D007E3BB3 /* Release */ = {
			isa = XCBuildConfiguration;
			buildSettings = {
				ALWAYS_SEARCH_USER_PATHS = NO;
				CLANG_CXX_LANGUAGE_STANDARD = "gnu++0x";
				CLANG_CXX_LIBRARY = "libc++";
				CLANG_ENABLE_MODULES = YES;
				CLANG_ENABLE_OBJC_ARC = YES;
				CLANG_WARN_BOOL_CONVERSION = YES;
				CLANG_WARN_CONSTANT_CONVERSION = YES;
				CLANG_WARN_DIRECT_OBJC_ISA_USAGE = YES_ERROR;
				CLANG_WARN_EMPTY_BODY = YES;
				CLANG_WARN_ENUM_CONVERSION = YES;
				CLANG_WARN_INT_CONVERSION = YES;
				CLANG_WARN_OBJC_ROOT_CLASS = YES_ERROR;
				CLANG_WARN_UNREACHABLE_CODE = YES;
				CLANG_WARN__DUPLICATE_METHOD_MATCH = YES;
				"CODE_SIGN_IDENTITY[sdk=iphoneos*]" = "iPhone Developer";
				COPY_PHASE_STRIP = YES;
				ENABLE_NS_ASSERTIONS = NO;
				ENABLE_STRICT_OBJC_MSGSEND = YES;
				GCC_C_LANGUAGE_STANDARD = gnu99;
				GCC_WARN_64_TO_32_BIT_CONVERSION = YES;
				GCC_WARN_ABOUT_RETURN_TYPE = YES_ERROR;
				GCC_WARN_UNDECLARED_SELECTOR = YES;
				GCC_WARN_UNINITIALIZED_AUTOS = YES_AGGRESSIVE;
				GCC_WARN_UNUSED_FUNCTION = YES;
				GCC_WARN_UNUSED_VARIABLE = YES;
				IPHONEOS_DEPLOYMENT_TARGET = 8.0;
				MTL_ENABLE_DEBUG_INFO = NO;
				SDKROOT = iphoneos;
				VALIDATE_PRODUCT = YES;
			};
			name = Release;
		};
		1F60B7CD19E3530D007E3BB3 /* Debug */ = {
			isa = XCBuildConfiguration;
			baseConfigurationReference = 90649FB5923014623E0E7E02 /* Pods-Corp Directory.debug.xcconfig */;
			buildSettings = {
				ASSETCATALOG_COMPILER_APPICON_NAME = AppIcon;
				CLANG_ENABLE_MODULES = YES;
				CODE_SIGN_IDENTITY = "iPhone Developer";
				INFOPLIST_FILE = "Corp Directory/Info.plist";
				LD_RUNPATH_SEARCH_PATHS = "$(inherited) @executable_path/Frameworks";
				PRODUCT_NAME = "$(TARGET_NAME)";
				SWIFT_OBJC_BRIDGING_HEADER = "Corp Directory/Corp Directory-Bridging-Header.h";
				SWIFT_OPTIMIZATION_LEVEL = "-Onone";
			};
			name = Debug;
		};
		1F60B7CE19E3530D007E3BB3 /* Release */ = {
			isa = XCBuildConfiguration;
			baseConfigurationReference = 00012597942CEC68429042E0 /* Pods-Corp Directory.release.xcconfig */;
			buildSettings = {
				ASSETCATALOG_COMPILER_APPICON_NAME = AppIcon;
				CLANG_ENABLE_MODULES = YES;
				CODE_SIGN_IDENTITY = "iPhone Developer";
				INFOPLIST_FILE = "Corp Directory/Info.plist";
				LD_RUNPATH_SEARCH_PATHS = "$(inherited) @executable_path/Frameworks";
				PRODUCT_NAME = "$(TARGET_NAME)";
				SWIFT_OBJC_BRIDGING_HEADER = "Corp Directory/Corp Directory-Bridging-Header.h";
			};
			name = Release;
		};
		1F60B7D019E3530D007E3BB3 /* Debug */ = {
			isa = XCBuildConfiguration;
			buildSettings = {
				BUNDLE_LOADER = "$(TEST_HOST)";
				FRAMEWORK_SEARCH_PATHS = (
					"$(SDKROOT)/Developer/Library/Frameworks",
					"$(inherited)",
				);
				GCC_PREPROCESSOR_DEFINITIONS = (
					"DEBUG=1",
					"$(inherited)",
				);
				INFOPLIST_FILE = "Corp DirectoryTests/Info.plist";
				LD_RUNPATH_SEARCH_PATHS = "$(inherited) @executable_path/Frameworks @loader_path/Frameworks";
				PRODUCT_NAME = "$(TARGET_NAME)";
				TEST_HOST = "$(BUILT_PRODUCTS_DIR)/Corp Directory.app/Corp Directory";
			};
			name = Debug;
		};
		1F60B7D119E3530D007E3BB3 /* Release */ = {
			isa = XCBuildConfiguration;
			buildSettings = {
				BUNDLE_LOADER = "$(TEST_HOST)";
				FRAMEWORK_SEARCH_PATHS = (
					"$(SDKROOT)/Developer/Library/Frameworks",
					"$(inherited)",
				);
				INFOPLIST_FILE = "Corp DirectoryTests/Info.plist";
				LD_RUNPATH_SEARCH_PATHS = "$(inherited) @executable_path/Frameworks @loader_path/Frameworks";
				PRODUCT_NAME = "$(TARGET_NAME)";
				TEST_HOST = "$(BUILT_PRODUCTS_DIR)/Corp Directory.app/Corp Directory";
			};
			name = Release;
		};
/* End XCBuildConfiguration section */

/* Begin XCConfigurationList section */
		1F60B7A319E3530C007E3BB3 /* Build configuration list for PBXProject "Corp Directory" */ = {
			isa = XCConfigurationList;
			buildConfigurations = (
				1F60B7CA19E3530D007E3BB3 /* Debug */,
				1F60B7CB19E3530D007E3BB3 /* Release */,
			);
			defaultConfigurationIsVisible = 0;
			defaultConfigurationName = Release;
		};
		1F60B7CC19E3530D007E3BB3 /* Build configuration list for PBXNativeTarget "Corp Directory" */ = {
			isa = XCConfigurationList;
			buildConfigurations = (
				1F60B7CD19E3530D007E3BB3 /* Debug */,
				1F60B7CE19E3530D007E3BB3 /* Release */,
			);
			defaultConfigurationIsVisible = 0;
			defaultConfigurationName = Release;
		};
		1F60B7CF19E3530D007E3BB3 /* Build configuration list for PBXNativeTarget "Corp DirectoryTests" */ = {
			isa = XCConfigurationList;
			buildConfigurations = (
				1F60B7D019E3530D007E3BB3 /* Debug */,
				1F60B7D119E3530D007E3BB3 /* Release */,
			);
			defaultConfigurationIsVisible = 0;
			defaultConfigurationName = Release;
		};
/* End XCConfigurationList section */

/* Begin XCVersionGroup section */
		1F60B7AF19E3530C007E3BB3 /* Corp_Directory.xcdatamodeld */ = {
			isa = XCVersionGroup;
			children = (
				1F60B7B019E3530C007E3BB3 /* Corp_Directory.xcdatamodel */,
			);
			currentVersion = 1F60B7B019E3530C007E3BB3 /* Corp_Directory.xcdatamodel */;
			path = Corp_Directory.xcdatamodeld;
			sourceTree = "<group>";
			versionGroupType = wrapper.xcdatamodel;
		};
/* End XCVersionGroup section */
	};
	rootObject = 1F60B7A019E3530C007E3BB3 /* Project object */;
}
